// !$*UTF8*$!
{
	archiveVersion = 1;
	classes = {
	};
	objectVersion = 56;
	objects = {

/* Begin PBXBuildFile section */
		2DADDFBA2ABABD8C00409F34 /* AppDelegate.swift in Sources */ = {isa = PBXBuildFile; fileRef = 2DADDFB92ABABD8C00409F34 /* AppDelegate.swift */; };
		2DADDFBC2ABABD8C00409F34 /* SceneDelegate.swift in Sources */ = {isa = PBXBuildFile; fileRef = 2DADDFBB2ABABD8C00409F34 /* SceneDelegate.swift */; };
		2DADDFBE2ABABD8C00409F34 /* ViewController.swift in Sources */ = {isa = PBXBuildFile; fileRef = 2DADDFBD2ABABD8C00409F34 /* ViewController.swift */; };
		2DADDFC12ABABD8C00409F34 /* Main.storyboard in Resources */ = {isa = PBXBuildFile; fileRef = 2DADDFBF2ABABD8C00409F34 /* Main.storyboard */; };
		2DADDFC32ABABD8D00409F34 /* Assets.xcassets in Resources */ = {isa = PBXBuildFile; fileRef = 2DADDFC22ABABD8D00409F34 /* Assets.xcassets */; };
		2DADDFC62ABABD8D00409F34 /* LaunchScreen.storyboard in Resources */ = {isa = PBXBuildFile; fileRef = 2DADDFC42ABABD8D00409F34 /* LaunchScreen.storyboard */; };
		2DADDFD12ABABD8D00409F34 /* workbookTests.swift in Sources */ = {isa = PBXBuildFile; fileRef = 2DADDFD02ABABD8D00409F34 /* workbookTests.swift */; };
		2DADDFDB2ABABD8D00409F34 /* workbookUITests.swift in Sources */ = {isa = PBXBuildFile; fileRef = 2DADDFDA2ABABD8D00409F34 /* workbookUITests.swift */; };
		2DADDFDD2ABABD8D00409F34 /* workbookUITestsLaunchTests.swift in Sources */ = {isa = PBXBuildFile; fileRef = 2DADDFDC2ABABD8D00409F34 /* workbookUITestsLaunchTests.swift */; };
/* End PBXBuildFile section */

/* Begin PBXContainerItemProxy section */
		2DADDFCD2ABABD8D00409F34 /* PBXContainerItemProxy */ = {
			isa = PBXContainerItemProxy;
			containerPortal = 2DADDFAE2ABABD8C00409F34 /* Project object */;
			proxyType = 1;
			remoteGlobalIDString = 2DADDFB52ABABD8C00409F34;
			remoteInfo = workbook;
		};
		2DADDFD72ABABD8D00409F34 /* PBXContainerItemProxy */ = {
			isa = PBXContainerItemProxy;
			containerPortal = 2DADDFAE2ABABD8C00409F34 /* Project object */;
			proxyType = 1;
			remoteGlobalIDString = 2DADDFB52ABABD8C00409F34;
			remoteInfo = workbook;
		};
/* End PBXContainerItemProxy section */

/* Begin PBXFileReference section */
		2DADDFB62ABABD8C00409F34 /* workbook.app */ = {isa = PBXFileReference; explicitFileType = wrapper.application; includeInIndex = 0; path = workbook.app; sourceTree = BUILT_PRODUCTS_DIR; };
		2DADDFB92ABABD8C00409F34 /* AppDelegate.swift */ = {isa = PBXFileReference; lastKnownFileType = sourcecode.swift; path = AppDelegate.swift; sourceTree = "<group>"; };
		2DADDFBB2ABABD8C00409F34 /* SceneDelegate.swift */ = {isa = PBXFileReference; lastKnownFileType = sourcecode.swift; path = SceneDelegate.swift; sourceTree = "<group>"; };
		2DADDFBD2ABABD8C00409F34 /* ViewController.swift */ = {isa = PBXFileReference; lastKnownFileType = sourcecode.swift; path = ViewController.swift; sourceTree = "<group>"; };
		2DADDFC02ABABD8C00409F34 /* Base */ = {isa = PBXFileReference; lastKnownFileType = file.storyboard; name = Base; path = Base.lproj/Main.storyboard; sourceTree = "<group>"; };
		2DADDFC22ABABD8D00409F34 /* Assets.xcassets */ = {isa = PBXFileReference; lastKnownFileType = folder.assetcatalog; path = Assets.xcassets; sourceTree = "<group>"; };
		2DADDFC52ABABD8D00409F34 /* Base */ = {isa = PBXFileReference; lastKnownFileType = file.storyboard; name = Base; path = Base.lproj/LaunchScreen.storyboard; sourceTree = "<group>"; };
		2DADDFC72ABABD8D00409F34 /* Info.plist */ = {isa = PBXFileReference; lastKnownFileType = text.plist.xml; path = Info.plist; sourceTree = "<group>"; };
		2DADDFCC2ABABD8D00409F34 /* workbookTests.xctest */ = {isa = PBXFileReference; explicitFileType = wrapper.cfbundle; includeInIndex = 0; path = workbookTests.xctest; sourceTree = BUILT_PRODUCTS_DIR; };
		2DADDFD02ABABD8D00409F34 /* workbookTests.swift */ = {isa = PBXFileReference; lastKnownFileType = sourcecode.swift; path = workbookTests.swift; sourceTree = "<group>"; };
		2DADDFD62ABABD8D00409F34 /* workbookUITests.xctest */ = {isa = PBXFileReference; explicitFileType = wrapper.cfbundle; includeInIndex = 0; path = workbookUITests.xctest; sourceTree = BUILT_PRODUCTS_DIR; };
		2DADDFDA2ABABD8D00409F34 /* workbookUITests.swift */ = {isa = PBXFileReference; lastKnownFileType = sourcecode.swift; path = workbookUITests.swift; sourceTree = "<group>"; };
		2DADDFDC2ABABD8D00409F34 /* workbookUITestsLaunchTests.swift */ = {isa = PBXFileReference; lastKnownFileType = sourcecode.swift; path = workbookUITestsLaunchTests.swift; sourceTree = "<group>"; };
/* End PBXFileReference section */

/* Begin PBXFrameworksBuildPhase section */
		2DADDFB32ABABD8C00409F34 /* Frameworks */ = {
			isa = PBXFrameworksBuildPhase;
			buildActionMask = 2147483647;
			files = (
			);
			runOnlyForDeploymentPostprocessing = 0;
		};
		2DADDFC92ABABD8D00409F34 /* Frameworks */ = {
			isa = PBXFrameworksBuildPhase;
			buildActionMask = 2147483647;
			files = (
			);
			runOnlyForDeploymentPostprocessing = 0;
		};
		2DADDFD32ABABD8D00409F34 /* Frameworks */ = {
			isa = PBXFrameworksBuildPhase;
			buildActionMask = 2147483647;
			files = (
			);
			runOnlyForDeploymentPostprocessing = 0;
		};
/* End PBXFrameworksBuildPhase section */

/* Begin PBXGroup section */
		2DADDFAD2ABABD8C00409F34 = {
			isa = PBXGroup;
			children = (
				2DADDFB82ABABD8C00409F34 /* workbook */,
				2DADDFCF2ABABD8D00409F34 /* workbookTests */,
				2DADDFD92ABABD8D00409F34 /* workbookUITests */,
				2DADDFB72ABABD8C00409F34 /* Products */,
			);
			sourceTree = "<group>";
		};
		2DADDFB72ABABD8C00409F34 /* Products */ = {
			isa = PBXGroup;
			children = (
				2DADDFB62ABABD8C00409F34 /* workbook.app */,
				2DADDFCC2ABABD8D00409F34 /* workbookTests.xctest */,
				2DADDFD62ABABD8D00409F34 /* workbookUITests.xctest */,
			);
			name = Products;
			sourceTree = "<group>";
		};
		2DADDFB82ABABD8C00409F34 /* workbook */ = {
			isa = PBXGroup;
			children = (
				2DADDFB92ABABD8C00409F34 /* AppDelegate.swift */,
				2DADDFBB2ABABD8C00409F34 /* SceneDelegate.swift */,
				2DADDFBD2ABABD8C00409F34 /* ViewController.swift */,
				2DADDFBF2ABABD8C00409F34 /* Main.storyboard */,
				2DADDFC22ABABD8D00409F34 /* Assets.xcassets */,
				2DADDFC42ABABD8D00409F34 /* LaunchScreen.storyboard */,
				2DADDFC72ABABD8D00409F34 /* Info.plist */,
			);
			path = workbook;
			sourceTree = "<group>";
		};
		2DADDFCF2ABABD8D00409F34 /* workbookTests */ = {
			isa = PBXGroup;
			children = (
				2DADDFD02ABABD8D00409F34 /* workbookTests.swift */,
			);
			path = workbookTests;
			sourceTree = "<group>";
		};
		2DADDFD92ABABD8D00409F34 /* workbookUITests */ = {
			isa = PBXGroup;
			children = (
				2DADDFDA2ABABD8D00409F34 /* workbookUITests.swift */,
				2DADDFDC2ABABD8D00409F34 /* workbookUITestsLaunchTests.swift */,
			);
			path = workbookUITests;
			sourceTree = "<group>";
		};
/* End PBXGroup section */

/* Begin PBXNativeTarget section */
		2DADDFB52ABABD8C00409F34 /* workbook */ = {
			isa = PBXNativeTarget;
			buildConfigurationList = 2DADDFE02ABABD8D00409F34 /* Build configuration list for PBXNativeTarget "workbook" */;
			buildPhases = (
				2DADDFB22ABABD8C00409F34 /* Sources */,
				2DADDFB32ABABD8C00409F34 /* Frameworks */,
				2DADDFB42ABABD8C00409F34 /* Resources */,
			);
			buildRules = (
			);
			dependencies = (
			);
			name = workbook;
			productName = workbook;
			productReference = 2DADDFB62ABABD8C00409F34 /* workbook.app */;
			productType = "com.apple.product-type.application";
		};
		2DADDFCB2ABABD8D00409F34 /* workbookTests */ = {
			isa = PBXNativeTarget;
			buildConfigurationList = 2DADDFE32ABABD8D00409F34 /* Build configuration list for PBXNativeTarget "workbookTests" */;
			buildPhases = (
				2DADDFC82ABABD8D00409F34 /* Sources */,
				2DADDFC92ABABD8D00409F34 /* Frameworks */,
				2DADDFCA2ABABD8D00409F34 /* Resources */,
			);
			buildRules = (
			);
			dependencies = (
				2DADDFCE2ABABD8D00409F34 /* PBXTargetDependency */,
			);
			name = workbookTests;
			productName = workbookTests;
			productReference = 2DADDFCC2ABABD8D00409F34 /* workbookTests.xctest */;
			productType = "com.apple.product-type.bundle.unit-test";
		};
		2DADDFD52ABABD8D00409F34 /* workbookUITests */ = {
			isa = PBXNativeTarget;
			buildConfigurationList = 2DADDFE62ABABD8D00409F34 /* Build configuration list for PBXNativeTarget "workbookUITests" */;
			buildPhases = (
				2DADDFD22ABABD8D00409F34 /* Sources */,
				2DADDFD32ABABD8D00409F34 /* Frameworks */,
				2DADDFD42ABABD8D00409F34 /* Resources */,
			);
			buildRules = (
			);
			dependencies = (
				2DADDFD82ABABD8D00409F34 /* PBXTargetDependency */,
			);
			name = workbookUITests;
			productName = workbookUITests;
			productReference = 2DADDFD62ABABD8D00409F34 /* workbookUITests.xctest */;
			productType = "com.apple.product-type.bundle.ui-testing";
		};
/* End PBXNativeTarget section */

/* Begin PBXProject section */
		2DADDFAE2ABABD8C00409F34 /* Project object */ = {
			isa = PBXProject;
			attributes = {
				BuildIndependentTargetsInParallel = 1;
				LastSwiftUpdateCheck = 1430;
				LastUpgradeCheck = 1430;
				TargetAttributes = {
					2DADDFB52ABABD8C00409F34 = {
						CreatedOnToolsVersion = 14.3.1;
					};
					2DADDFCB2ABABD8D00409F34 = {
						CreatedOnToolsVersion = 14.3.1;
						TestTargetID = 2DADDFB52ABABD8C00409F34;
					};
					2DADDFD52ABABD8D00409F34 = {
						CreatedOnToolsVersion = 14.3.1;
						TestTargetID = 2DADDFB52ABABD8C00409F34;
					};
				};
			};
			buildConfigurationList = 2DADDFB12ABABD8C00409F34 /* Build configuration list for PBXProject "workbook" */;
			compatibilityVersion = "Xcode 14.0";
			developmentRegion = en;
			hasScannedForEncodings = 0;
			knownRegions = (
				en,
				Base,
			);
			mainGroup = 2DADDFAD2ABABD8C00409F34;
			productRefGroup = 2DADDFB72ABABD8C00409F34 /* Products */;
			projectDirPath = "";
			projectRoot = "";
			targets = (
				2DADDFB52ABABD8C00409F34 /* workbook */,
				2DADDFCB2ABABD8D00409F34 /* workbookTests */,
				2DADDFD52ABABD8D00409F34 /* workbookUITests */,
			);
		};
/* End PBXProject section */

/* Begin PBXResourcesBuildPhase section */
		2DADDFB42ABABD8C00409F34 /* Resources */ = {
			isa = PBXResourcesBuildPhase;
			buildActionMask = 2147483647;
			files = (
				2DADDFC62ABABD8D00409F34 /* LaunchScreen.storyboard in Resources */,
				2DADDFC32ABABD8D00409F34 /* Assets.xcassets in Resources */,
				2DADDFC12ABABD8C00409F34 /* Main.storyboard in Resources */,
			);
			runOnlyForDeploymentPostprocessing = 0;
		};
		2DADDFCA2ABABD8D00409F34 /* Resources */ = {
			isa = PBXResourcesBuildPhase;
			buildActionMask = 2147483647;
			files = (
			);
			runOnlyForDeploymentPostprocessing = 0;
		};
		2DADDFD42ABABD8D00409F34 /* Resources */ = {
			isa = PBXResourcesBuildPhase;
			buildActionMask = 2147483647;
			files = (
			);
			runOnlyForDeploymentPostprocessing = 0;
		};
/* End PBXResourcesBuildPhase section */

/* Begin PBXSourcesBuildPhase section */
		2DADDFB22ABABD8C00409F34 /* Sources */ = {
			isa = PBXSourcesBuildPhase;
			buildActionMask = 2147483647;
			files = (
				2DADDFBE2ABABD8C00409F34 /* ViewController.swift in Sources */,
				2DADDFBA2ABABD8C00409F34 /* AppDelegate.swift in Sources */,
				2DADDFBC2ABABD8C00409F34 /* SceneDelegate.swift in Sources */,
			);
			runOnlyForDeploymentPostprocessing = 0;
		};
		2DADDFC82ABABD8D00409F34 /* Sources */ = {
			isa = PBXSourcesBuildPhase;
			buildActionMask = 2147483647;
			files = (
				2DADDFD12ABABD8D00409F34 /* workbookTests.swift in Sources */,
			);
			runOnlyForDeploymentPostprocessing = 0;
		};
		2DADDFD22ABABD8D00409F34 /* Sources */ = {
			isa = PBXSourcesBuildPhase;
			buildActionMask = 2147483647;
			files = (
				2DADDFDD2ABABD8D00409F34 /* workbookUITestsLaunchTests.swift in Sources */,
				2DADDFDB2ABABD8D00409F34 /* workbookUITests.swift in Sources */,
			);
			runOnlyForDeploymentPostprocessing = 0;
		};
/* End PBXSourcesBuildPhase section */

/* Begin PBXTargetDependency section */
		2DADDFCE2ABABD8D00409F34 /* PBXTargetDependency */ = {
			isa = PBXTargetDependency;
			target = 2DADDFB52ABABD8C00409F34 /* workbook */;
			targetProxy = 2DADDFCD2ABABD8D00409F34 /* PBXContainerItemProxy */;
		};
		2DADDFD82ABABD8D00409F34 /* PBXTargetDependency */ = {
			isa = PBXTargetDependency;
			target = 2DADDFB52ABABD8C00409F34 /* workbook */;
			targetProxy = 2DADDFD72ABABD8D00409F34 /* PBXContainerItemProxy */;
		};
/* End PBXTargetDependency section */

/* Begin PBXVariantGroup section */
		2DADDFBF2ABABD8C00409F34 /* Main.storyboard */ = {
			isa = PBXVariantGroup;
			children = (
				2DADDFC02ABABD8C00409F34 /* Base */,
			);
			name = Main.storyboard;
			sourceTree = "<group>";
		};
		2DADDFC42ABABD8D00409F34 /* LaunchScreen.storyboard */ = {
			isa = PBXVariantGroup;
			children = (
				2DADDFC52ABABD8D00409F34 /* Base */,
			);
			name = LaunchScreen.storyboard;
			sourceTree = "<group>";
		};
/* End PBXVariantGroup section */

/* Begin XCBuildConfiguration section */
		2DADDFDE2ABABD8D00409F34 /* Debug */ = {
			isa = XCBuildConfiguration;
			buildSettings = {
				ALWAYS_SEARCH_USER_PATHS = NO;
				CLANG_ANALYZER_NONNULL = YES;
				CLANG_ANALYZER_NUMBER_OBJECT_CONVERSION = YES_AGGRESSIVE;
				CLANG_CXX_LANGUAGE_STANDARD = "gnu++20";
				CLANG_ENABLE_MODULES = YES;
				CLANG_ENABLE_OBJC_ARC = YES;
				CLANG_ENABLE_OBJC_WEAK = YES;
				CLANG_WARN_BLOCK_CAPTURE_AUTORELEASING = YES;
				CLANG_WARN_BOOL_CONVERSION = YES;
				CLANG_WARN_COMMA = YES;
				CLANG_WARN_CONSTANT_CONVERSION = YES;
				CLANG_WARN_DEPRECATED_OBJC_IMPLEMENTATIONS = YES;
				CLANG_WARN_DIRECT_OBJC_ISA_USAGE = YES_ERROR;
				CLANG_WARN_DOCUMENTATION_COMMENTS = YES;
				CLANG_WARN_EMPTY_BODY = YES;
				CLANG_WARN_ENUM_CONVERSION = YES;
				CLANG_WARN_INFINITE_RECURSION = YES;
				CLANG_WARN_INT_CONVERSION = YES;
				CLANG_WARN_NON_LITERAL_NULL_CONVERSION = YES;
				CLANG_WARN_OBJC_IMPLICIT_RETAIN_SELF = YES;
				CLANG_WARN_OBJC_LITERAL_CONVERSION = YES;
				CLANG_WARN_OBJC_ROOT_CLASS = YES_ERROR;
				CLANG_WARN_QUOTED_INCLUDE_IN_FRAMEWORK_HEADER = YES;
				CLANG_WARN_RANGE_LOOP_ANALYSIS = YES;
				CLANG_WARN_STRICT_PROTOTYPES = YES;
				CLANG_WARN_SUSPICIOUS_MOVE = YES;
				CLANG_WARN_UNGUARDED_AVAILABILITY = YES_AGGRESSIVE;
				CLANG_WARN_UNREACHABLE_CODE = YES;
				CLANG_WARN__DUPLICATE_METHOD_MATCH = YES;
				COPY_PHASE_STRIP = NO;
				DEBUG_INFORMATION_FORMAT = dwarf;
				ENABLE_STRICT_OBJC_MSGSEND = YES;
				ENABLE_TESTABILITY = YES;
				GCC_C_LANGUAGE_STANDARD = gnu11;
				GCC_DYNAMIC_NO_PIC = NO;
				GCC_NO_COMMON_BLOCKS = YES;
				GCC_OPTIMIZATION_LEVEL = 0;
				GCC_PREPROCESSOR_DEFINITIONS = (
					"DEBUG=1",
					"$(inherited)",
				);
				GCC_WARN_64_TO_32_BIT_CONVERSION = YES;
				GCC_WARN_ABOUT_RETURN_TYPE = YES_ERROR;
				GCC_WARN_UNDECLARED_SELECTOR = YES;
				GCC_WARN_UNINITIALIZED_AUTOS = YES_AGGRESSIVE;
				GCC_WARN_UNUSED_FUNCTION = YES;
				GCC_WARN_UNUSED_VARIABLE = YES;
				IPHONEOS_DEPLOYMENT_TARGET = 16.4;
				MTL_ENABLE_DEBUG_INFO = INCLUDE_SOURCE;
				MTL_FAST_MATH = YES;
				ONLY_ACTIVE_ARCH = YES;
				SDKROOT = iphoneos;
				SWIFT_ACTIVE_COMPILATION_CONDITIONS = DEBUG;
				SWIFT_OPTIMIZATION_LEVEL = "-Onone";
			};
			name = Debug;
		};
		2DADDFDF2ABABD8D00409F34 /* Release */ = {
			isa = XCBuildConfiguration;
			buildSettings = {
				ALWAYS_SEARCH_USER_PATHS = NO;
				CLANG_ANALYZER_NONNULL = YES;
				CLANG_ANALYZER_NUMBER_OBJECT_CONVERSION = YES_AGGRESSIVE;
				CLANG_CXX_LANGUAGE_STANDARD = "gnu++20";
				CLANG_ENABLE_MODULES = YES;
				CLANG_ENABLE_OBJC_ARC = YES;
				CLANG_ENABLE_OBJC_WEAK = YES;
				CLANG_WARN_BLOCK_CAPTURE_AUTORELEASING = YES;
				CLANG_WARN_BOOL_CONVERSION = YES;
				CLANG_WARN_COMMA = YES;
				CLANG_WARN_CONSTANT_CONVERSION = YES;
				CLANG_WARN_DEPRECATED_OBJC_IMPLEMENTATIONS = YES;
				CLANG_WARN_DIRECT_OBJC_ISA_USAGE = YES_ERROR;
				CLANG_WARN_DOCUMENTATION_COMMENTS = YES;
				CLANG_WARN_EMPTY_BODY = YES;
				CLANG_WARN_ENUM_CONVERSION = YES;
				CLANG_WARN_INFINITE_RECURSION = YES;
				CLANG_WARN_INT_CONVERSION = YES;
				CLANG_WARN_NON_LITERAL_NULL_CONVERSION = YES;
				CLANG_WARN_OBJC_IMPLICIT_RETAIN_SELF = YES;
				CLANG_WARN_OBJC_LITERAL_CONVERSION = YES;
				CLANG_WARN_OBJC_ROOT_CLASS = YES_ERROR;
				CLANG_WARN_QUOTED_INCLUDE_IN_FRAMEWORK_HEADER = YES;
				CLANG_WARN_RANGE_LOOP_ANALYSIS = YES;
				CLANG_WARN_STRICT_PROTOTYPES = YES;
				CLANG_WARN_SUSPICIOUS_MOVE = YES;
				CLANG_WARN_UNGUARDED_AVAILABILITY = YES_AGGRESSIVE;
				CLANG_WARN_UNREACHABLE_CODE = YES;
				CLANG_WARN__DUPLICATE_METHOD_MATCH = YES;
				COPY_PHASE_STRIP = NO;
				DEBUG_INFORMATION_FORMAT = "dwarf-with-dsym";
				ENABLE_NS_ASSERTIONS = NO;
				ENABLE_STRICT_OBJC_MSGSEND = YES;
				GCC_C_LANGUAGE_STANDARD = gnu11;
				GCC_NO_COMMON_BLOCKS = YES;
				GCC_WARN_64_TO_32_BIT_CONVERSION = YES;
				GCC_WARN_ABOUT_RETURN_TYPE = YES_ERROR;
				GCC_WARN_UNDECLARED_SELECTOR = YES;
				GCC_WARN_UNINITIALIZED_AUTOS = YES_AGGRESSIVE;
				GCC_WARN_UNUSED_FUNCTION = YES;
				GCC_WARN_UNUSED_VARIABLE = YES;
				IPHONEOS_DEPLOYMENT_TARGET = 16.4;
				MTL_ENABLE_DEBUG_INFO = NO;
				MTL_FAST_MATH = YES;
				SDKROOT = iphoneos;
				SWIFT_COMPILATION_MODE = wholemodule;
				SWIFT_OPTIMIZATION_LEVEL = "-O";
				VALIDATE_PRODUCT = YES;
			};
			name = Release;
		};
		2DADDFE12ABABD8D00409F34 /* Debug */ = {
			isa = XCBuildConfiguration;
			buildSettings = {
				ASSETCATALOG_COMPILER_APPICON_NAME = AppIcon;
				ASSETCATALOG_COMPILER_GLOBAL_ACCENT_COLOR_NAME = AccentColor;
				CODE_SIGN_STYLE = Automatic;
				CURRENT_PROJECT_VERSION = 1;
				DEVELOPMENT_TEAM = 3BFLHJ2HKG;
				GENERATE_INFOPLIST_FILE = YES;
				INFOPLIST_FILE = workbook/Info.plist;
				INFOPLIST_KEY_UIApplicationSupportsIndirectInputEvents = YES;
				INFOPLIST_KEY_UILaunchStoryboardName = LaunchScreen;
				INFOPLIST_KEY_UIMainStoryboardFile = Main;
				INFOPLIST_KEY_UISupportedInterfaceOrientations_iPad = "UIInterfaceOrientationPortrait UIInterfaceOrientationPortraitUpsideDown UIInterfaceOrientationLandscapeLeft UIInterfaceOrientationLandscapeRight";
				INFOPLIST_KEY_UISupportedInterfaceOrientations_iPhone = "UIInterfaceOrientationPortrait UIInterfaceOrientationLandscapeLeft UIInterfaceOrientationLandscapeRight";
				LD_RUNPATH_SEARCH_PATHS = (
					"$(inherited)",
					"@executable_path/Frameworks",
				);
				MARKETING_VERSION = 1.0;
				PRODUCT_BUNDLE_IDENTIFIER = uno.workbook;
				PRODUCT_NAME = "$(TARGET_NAME)";
				SWIFT_EMIT_LOC_STRINGS = YES;
				SWIFT_VERSION = 5.0;
				TARGETED_DEVICE_FAMILY = "1,2";
			};
			name = Debug;
		};
		2DADDFE22ABABD8D00409F34 /* Release */ = {
			isa = XCBuildConfiguration;
			buildSettings = {
				ASSETCATALOG_COMPILER_APPICON_NAME = AppIcon;
				ASSETCATALOG_COMPILER_GLOBAL_ACCENT_COLOR_NAME = AccentColor;
				CODE_SIGN_STYLE = Automatic;
				CURRENT_PROJECT_VERSION = 1;
				DEVELOPMENT_TEAM = 3BFLHJ2HKG;
				GENERATE_INFOPLIST_FILE = YES;
				INFOPLIST_FILE = workbook/Info.plist;
				INFOPLIST_KEY_UIApplicationSupportsIndirectInputEvents = YES;
				INFOPLIST_KEY_UILaunchStoryboardName = LaunchScreen;
				INFOPLIST_KEY_UIMainStoryboardFile = Main;
				INFOPLIST_KEY_UISupportedInterfaceOrientations_iPad = "UIInterfaceOrientationPortrait UIInterfaceOrientationPortraitUpsideDown UIInterfaceOrientationLandscapeLeft UIInterfaceOrientationLandscapeRight";
				INFOPLIST_KEY_UISupportedInterfaceOrientations_iPhone = "UIInterfaceOrientationPortrait UIInterfaceOrientationLandscapeLeft UIInterfaceOrientationLandscapeRight";
				LD_RUNPATH_SEARCH_PATHS = (
					"$(inherited)",
					"@executable_path/Frameworks",
				);
				MARKETING_VERSION = 1.0;
				PRODUCT_BUNDLE_IDENTIFIER = uno.workbook;
				PRODUCT_NAME = "$(TARGET_NAME)";
				SWIFT_EMIT_LOC_STRINGS = YES;
				SWIFT_VERSION = 5.0;
				TARGETED_DEVICE_FAMILY = "1,2";
			};
			name = Release;
		};
		2DADDFE42ABABD8D00409F34 /* Debug */ = {
			isa = XCBuildConfiguration;
			buildSettings = {
				ALWAYS_EMBED_SWIFT_STANDARD_LIBRARIES = YES;
				BUNDLE_LOADER = "$(TEST_HOST)";
				CODE_SIGN_STYLE = Automatic;
				CURRENT_PROJECT_VERSION = 1;
				DEVELOPMENT_TEAM = 3BFLHJ2HKG;
				GENERATE_INFOPLIST_FILE = YES;
				IPHONEOS_DEPLOYMENT_TARGET = 16.4;
				MARKETING_VERSION = 1.0;
				PRODUCT_BUNDLE_IDENTIFIER = uno.workbookTests;
				PRODUCT_NAME = "$(TARGET_NAME)";
				SWIFT_EMIT_LOC_STRINGS = NO;
				SWIFT_VERSION = 5.0;
				TARGETED_DEVICE_FAMILY = "1,2";
				TEST_HOST = "$(BUILT_PRODUCTS_DIR)/workbook.app/$(BUNDLE_EXECUTABLE_FOLDER_PATH)/workbook";
			};
			name = Debug;
		};
		2DADDFE52ABABD8D00409F34 /* Release */ = {
			isa = XCBuildConfiguration;
			buildSettings = {
				ALWAYS_EMBED_SWIFT_STANDARD_LIBRARIES = YES;
				BUNDLE_LOADER = "$(TEST_HOST)";
				CODE_SIGN_STYLE = Automatic;
				CURRENT_PROJECT_VERSION = 1;
				DEVELOPMENT_TEAM = 3BFLHJ2HKG;
				GENERATE_INFOPLIST_FILE = YES;
				IPHONEOS_DEPLOYMENT_TARGET = 16.4;
				MARKETING_VERSION = 1.0;
				PRODUCT_BUNDLE_IDENTIFIER = uno.workbookTests;
				PRODUCT_NAME = "$(TARGET_NAME)";
				SWIFT_EMIT_LOC_STRINGS = NO;
				SWIFT_VERSION = 5.0;
				TARGETED_DEVICE_FAMILY = "1,2";
				TEST_HOST = "$(BUILT_PRODUCTS_DIR)/workbook.app/$(BUNDLE_EXECUTABLE_FOLDER_PATH)/workbook";
			};
			name = Release;
		};
		2DADDFE72ABABD8D00409F34 /* Debug */ = {
			isa = XCBuildConfiguration;
			buildSettings = {
				ALWAYS_EMBED_SWIFT_STANDARD_LIBRARIES = YES;
				CODE_SIGN_STYLE = Automatic;
				CURRENT_PROJECT_VERSION = 1;
				DEVELOPMENT_TEAM = 3BFLHJ2HKG;
				GENERATE_INFOPLIST_FILE = YES;
				MARKETING_VERSION = 1.0;
				PRODUCT_BUNDLE_IDENTIFIER = uno.workbookUITests;
				PRODUCT_NAME = "$(TARGET_NAME)";
				SWIFT_EMIT_LOC_STRINGS = NO;
				SWIFT_VERSION = 5.0;
				TARGETED_DEVICE_FAMILY = "1,2";
				TEST_TARGET_NAME = workbook;
			};
			name = Debug;
		};
		2DADDFE82ABABD8D00409F34 /* Release */ = {
			isa = XCBuildConfiguration;
			buildSettings = {
				ALWAYS_EMBED_SWIFT_STANDARD_LIBRARIES = YES;
				CODE_SIGN_STYLE = Automatic;
				CURRENT_PROJECT_VERSION = 1;
				DEVELOPMENT_TEAM = 3BFLHJ2HKG;
				GENERATE_INFOPLIST_FILE = YES;
				MARKETING_VERSION = 1.0;
				PRODUCT_BUNDLE_IDENTIFIER = uno.workbookUITests;
				PRODUCT_NAME = "$(TARGET_NAME)";
				SWIFT_EMIT_LOC_STRINGS = NO;
				SWIFT_VERSION = 5.0;
				TARGETED_DEVICE_FAMILY = "1,2";
				TEST_TARGET_NAME = workbook;
			};
			name = Release;
		};
/* End XCBuildConfiguration section */

/* Begin XCConfigurationList section */
		2DADDFB12ABABD8C00409F34 /* Build configuration list for PBXProject "workbook" */ = {
			isa = XCConfigurationList;
			buildConfigurations = (
				2DADDFDE2ABABD8D00409F34 /* Debug */,
				2DADDFDF2ABABD8D00409F34 /* Release */,
			);
			defaultConfigurationIsVisible = 0;
			defaultConfigurationName = Release;
		};
		2DADDFE02ABABD8D00409F34 /* Build configuration list for PBXNativeTarget "workbook" */ = {
			isa = XCConfigurationList;
			buildConfigurations = (
				2DADDFE12ABABD8D00409F34 /* Debug */,
				2DADDFE22ABABD8D00409F34 /* Release */,
			);
			defaultConfigurationIsVisible = 0;
			defaultConfigurationName = Release;
		};
		2DADDFE32ABABD8D00409F34 /* Build configuration list for PBXNativeTarget "workbookTests" */ = {
			isa = XCConfigurationList;
			buildConfigurations = (
				2DADDFE42ABABD8D00409F34 /* Debug */,
				2DADDFE52ABABD8D00409F34 /* Release */,
			);
			defaultConfigurationIsVisible = 0;
			defaultConfigurationName = Release;
		};
		2DADDFE62ABABD8D00409F34 /* Build configuration list for PBXNativeTarget "workbookUITests" */ = {
			isa = XCConfigurationList;
			buildConfigurations = (
				2DADDFE72ABABD8D00409F34 /* Debug */,
				2DADDFE82ABABD8D00409F34 /* Release */,
			);
			defaultConfigurationIsVisible = 0;
			defaultConfigurationName = Release;
		};
/* End XCConfigurationList section */
	};
	rootObject = 2DADDFAE2ABABD8C00409F34 /* Project object */;
}
